{
  "name": "test-graphql",
  "version": "1.0.0",
  "lockfileVersion": 1,
  "requires": true,
  "dependencies": {
    "graphql": {
      "version": "0.11.3",
      "resolved": "https://registry.npmjs.org/graphql/-/graphql-0.11.3.tgz",
      "integrity": "sha512-/WGU673BlQaCw3gDECmqL5+l8kg4Sm3XHvuzPtZLiI/y8Xm7fKq+C0mtJmAImuHJvTBsMtCuX/R9BUQqPm4tzw==",
      "requires": {
        "iterall": "1.1.1"
      }
    },
    "iterall": {
      "version": "1.1.1",
      "resolved": "https://registry.npmjs.org/iterall/-/iterall-1.1.1.tgz",
      "integrity": "sha1-9/CvEemgTsZCYmD1AZ2fzKTVAhQ="
    }
  }
}
